// !$*UTF8*$!
{
	archiveVersion = 1;
	classes = {
	};
	objectVersion = 51;
	objects = {

/* Begin PBXBuildFile section */
		ACA83C6A40B59E02D2020A97 /* Pods_native.framework in Frameworks */ = {isa = PBXBuildFile; fileRef = E6C3DA87477B20F443561954 /* Pods_native.framework */; };
		BA8617AE258A10840082B2E9 /* FuObject.m in Sources */ = {isa = PBXBuildFile; fileRef = BA8617AD258A10840082B2E9 /* FuObject.m */; };
		BA8617B1258A10A50082B2E9 /* ChildObject.m in Sources */ = {isa = PBXBuildFile; fileRef = BA8617B0258A10A50082B2E9 /* ChildObject.m */; };
		BA8617B4258A13570082B2E9 /* ChildObject+print.m in Sources */ = {isa = PBXBuildFile; fileRef = BA8617B3258A13570082B2E9 /* ChildObject+print.m */; };
		BA8617B7258A13C20082B2E9 /* FuObject+print.m in Sources */ = {isa = PBXBuildFile; fileRef = BA8617B6258A13C20082B2E9 /* FuObject+print.m */; };
		BAAAC7282589E14900D1D6AA /* AppDelegate.m in Sources */ = {isa = PBXBuildFile; fileRef = BAAAC7272589E14900D1D6AA /* AppDelegate.m */; };
		BAAAC72E2589E14900D1D6AA /* ViewController.m in Sources */ = {isa = PBXBuildFile; fileRef = BAAAC72D2589E14900D1D6AA /* ViewController.m */; };
		BAAAC7332589E14A00D1D6AA /* Assets.xcassets in Resources */ = {isa = PBXBuildFile; fileRef = BAAAC7322589E14A00D1D6AA /* Assets.xcassets */; };
		BAAAC7392589E14A00D1D6AA /* main.m in Sources */ = {isa = PBXBuildFile; fileRef = BAAAC7382589E14A00D1D6AA /* main.m */; };
		BAAAC7432589E14A00D1D6AA /* nativeTests.m in Sources */ = {isa = PBXBuildFile; fileRef = BAAAC7422589E14A00D1D6AA /* nativeTests.m */; };
		BAAAC74E2589E14A00D1D6AA /* nativeUITests.m in Sources */ = {isa = PBXBuildFile; fileRef = BAAAC74D2589E14A00D1D6AA /* nativeUITests.m */; };
		BAAADDA72591FD2A0080DE60 /* PlatformRouterImp.m in Sources */ = {isa = PBXBuildFile; fileRef = BAAADDA52591FD2A0080DE60 /* PlatformRouterImp.m */; };
/* End PBXBuildFile section */

/* Begin PBXContainerItemProxy section */
		BAAAC73F2589E14A00D1D6AA /* PBXContainerItemProxy */ = {
			isa = PBXContainerItemProxy;
			containerPortal = BAAAC71B2589E14800D1D6AA /* Project object */;
			proxyType = 1;
			remoteGlobalIDString = BAAAC7222589E14800D1D6AA;
			remoteInfo = native;
		};
		BAAAC74A2589E14A00D1D6AA /* PBXContainerItemProxy */ = {
			isa = PBXContainerItemProxy;
			containerPortal = BAAAC71B2589E14800D1D6AA /* Project object */;
			proxyType = 1;
			remoteGlobalIDString = BAAAC7222589E14800D1D6AA;
			remoteInfo = native;
		};
/* End PBXContainerItemProxy section */

/* Begin PBXFileReference section */
		0F1DB4F87E5641647E196295 /* Pods-native.release.xcconfig */ = {isa = PBXFileReference; includeInIndex = 1; lastKnownFileType = text.xcconfig; name = "Pods-native.release.xcconfig"; path = "Target Support Files/Pods-native/Pods-native.release.xcconfig"; sourceTree = "<group>"; };
		1791BF702292EE549EA1BB03 /* Pods-native.debug.xcconfig */ = {isa = PBXFileReference; includeInIndex = 1; lastKnownFileType = text.xcconfig; name = "Pods-native.debug.xcconfig"; path = "Target Support Files/Pods-native/Pods-native.debug.xcconfig"; sourceTree = "<group>"; };
		BA8617AC258A10840082B2E9 /* FuObject.h */ = {isa = PBXFileReference; lastKnownFileType = sourcecode.c.h; path = FuObject.h; sourceTree = "<group>"; };
		BA8617AD258A10840082B2E9 /* FuObject.m */ = {isa = PBXFileReference; lastKnownFileType = sourcecode.c.objc; path = FuObject.m; sourceTree = "<group>"; };
		BA8617AF258A10A50082B2E9 /* ChildObject.h */ = {isa = PBXFileReference; lastKnownFileType = sourcecode.c.h; path = ChildObject.h; sourceTree = "<group>"; };
		BA8617B0258A10A50082B2E9 /* ChildObject.m */ = {isa = PBXFileReference; lastKnownFileType = sourcecode.c.objc; path = ChildObject.m; sourceTree = "<group>"; };
		BA8617B2258A13570082B2E9 /* ChildObject+print.h */ = {isa = PBXFileReference; lastKnownFileType = sourcecode.c.h; path = "ChildObject+print.h"; sourceTree = "<group>"; };
		BA8617B3258A13570082B2E9 /* ChildObject+print.m */ = {isa = PBXFileReference; lastKnownFileType = sourcecode.c.objc; path = "ChildObject+print.m"; sourceTree = "<group>"; };
		BA8617B5258A13C20082B2E9 /* FuObject+print.h */ = {isa = PBXFileReference; lastKnownFileType = sourcecode.c.h; path = "FuObject+print.h"; sourceTree = "<group>"; };
		BA8617B6258A13C20082B2E9 /* FuObject+print.m */ = {isa = PBXFileReference; lastKnownFileType = sourcecode.c.objc; path = "FuObject+print.m"; sourceTree = "<group>"; };
		BAAAC7232589E14800D1D6AA /* native.app */ = {isa = PBXFileReference; explicitFileType = wrapper.application; includeInIndex = 0; path = native.app; sourceTree = BUILT_PRODUCTS_DIR; };
		BAAAC7262589E14900D1D6AA /* AppDelegate.h */ = {isa = PBXFileReference; lastKnownFileType = sourcecode.c.h; path = AppDelegate.h; sourceTree = "<group>"; };
		BAAAC7272589E14900D1D6AA /* AppDelegate.m */ = {isa = PBXFileReference; lastKnownFileType = sourcecode.c.objc; path = AppDelegate.m; sourceTree = "<group>"; };
		BAAAC72C2589E14900D1D6AA /* ViewController.h */ = {isa = PBXFileReference; lastKnownFileType = sourcecode.c.h; path = ViewController.h; sourceTree = "<group>"; };
		BAAAC72D2589E14900D1D6AA /* ViewController.m */ = {isa = PBXFileReference; lastKnownFileType = sourcecode.c.objc; path = ViewController.m; sourceTree = "<group>"; };
		BAAAC7322589E14A00D1D6AA /* Assets.xcassets */ = {isa = PBXFileReference; lastKnownFileType = folder.assetcatalog; path = Assets.xcassets; sourceTree = "<group>"; };
		BAAAC7372589E14A00D1D6AA /* Info.plist */ = {isa = PBXFileReference; lastKnownFileType = text.plist.xml; path = Info.plist; sourceTree = "<group>"; };
		BAAAC7382589E14A00D1D6AA /* main.m */ = {isa = PBXFileReference; lastKnownFileType = sourcecode.c.objc; path = main.m; sourceTree = "<group>"; };
		BAAAC73E2589E14A00D1D6AA /* nativeTests.xctest */ = {isa = PBXFileReference; explicitFileType = wrapper.cfbundle; includeInIndex = 0; path = nativeTests.xctest; sourceTree = BUILT_PRODUCTS_DIR; };
		BAAAC7422589E14A00D1D6AA /* nativeTests.m */ = {isa = PBXFileReference; lastKnownFileType = sourcecode.c.objc; path = nativeTests.m; sourceTree = "<group>"; };
		BAAAC7442589E14A00D1D6AA /* Info.plist */ = {isa = PBXFileReference; lastKnownFileType = text.plist.xml; path = Info.plist; sourceTree = "<group>"; };
		BAAAC7492589E14A00D1D6AA /* nativeUITests.xctest */ = {isa = PBXFileReference; explicitFileType = wrapper.cfbundle; includeInIndex = 0; path = nativeUITests.xctest; sourceTree = BUILT_PRODUCTS_DIR; };
		BAAAC74D2589E14A00D1D6AA /* nativeUITests.m */ = {isa = PBXFileReference; lastKnownFileType = sourcecode.c.objc; path = nativeUITests.m; sourceTree = "<group>"; };
		BAAAC74F2589E14A00D1D6AA /* Info.plist */ = {isa = PBXFileReference; lastKnownFileType = text.plist.xml; path = Info.plist; sourceTree = "<group>"; };
		BAAADDA52591FD2A0080DE60 /* PlatformRouterImp.m */ = {isa = PBXFileReference; fileEncoding = 4; lastKnownFileType = sourcecode.c.objc; path = PlatformRouterImp.m; sourceTree = "<group>"; };
		BAAADDA62591FD2A0080DE60 /* PlatformRouterImp.h */ = {isa = PBXFileReference; fileEncoding = 4; lastKnownFileType = sourcecode.c.h; path = PlatformRouterImp.h; sourceTree = "<group>"; };
		E6C3DA87477B20F443561954 /* Pods_native.framework */ = {isa = PBXFileReference; explicitFileType = wrapper.framework; includeInIndex = 0; path = Pods_native.framework; sourceTree = BUILT_PRODUCTS_DIR; };
/* End PBXFileReference section */

/* Begin PBXFrameworksBuildPhase section */
		BAAAC7202589E14800D1D6AA /* Frameworks */ = {
			isa = PBXFrameworksBuildPhase;
			buildActionMask = 2147483647;
			files = (
				ACA83C6A40B59E02D2020A97 /* Pods_native.framework in Frameworks */,
			);
			runOnlyForDeploymentPostprocessing = 0;
		};
		BAAAC73B2589E14A00D1D6AA /* Frameworks */ = {
			isa = PBXFrameworksBuildPhase;
			buildActionMask = 2147483647;
			files = (
			);
			runOnlyForDeploymentPostprocessing = 0;
		};
		BAAAC7462589E14A00D1D6AA /* Frameworks */ = {
			isa = PBXFrameworksBuildPhase;
			buildActionMask = 2147483647;
			files = (
			);
			runOnlyForDeploymentPostprocessing = 0;
		};
/* End PBXFrameworksBuildPhase section */

/* Begin PBXGroup section */
		7F9100842EEAC3BCE0A75238 /* Pods */ = {
			isa = PBXGroup;
			children = (
				1791BF702292EE549EA1BB03 /* Pods-native.debug.xcconfig */,
				0F1DB4F87E5641647E196295 /* Pods-native.release.xcconfig */,
			);
			path = Pods;
			sourceTree = "<group>";
		};
		BAAAC71A2589E14800D1D6AA = {
			isa = PBXGroup;
			children = (
				BAAAC7252589E14900D1D6AA /* native */,
				BAAAC7412589E14A00D1D6AA /* nativeTests */,
				BAAAC74C2589E14A00D1D6AA /* nativeUITests */,
				BAAAC7242589E14800D1D6AA /* Products */,
				7F9100842EEAC3BCE0A75238 /* Pods */,
				EA262F8A834C9325825ED6B6 /* Frameworks */,
			);
			sourceTree = "<group>";
		};
		BAAAC7242589E14800D1D6AA /* Products */ = {
			isa = PBXGroup;
			children = (
				BAAAC7232589E14800D1D6AA /* native.app */,
				BAAAC73E2589E14A00D1D6AA /* nativeTests.xctest */,
				BAAAC7492589E14A00D1D6AA /* nativeUITests.xctest */,
			);
			name = Products;
			sourceTree = "<group>";
		};
		BAAAC7252589E14900D1D6AA /* native */ = {
			isa = PBXGroup;
			children = (
				BAAAC7262589E14900D1D6AA /* AppDelegate.h */,
				BAAAC7272589E14900D1D6AA /* AppDelegate.m */,
				BAAADDA62591FD2A0080DE60 /* PlatformRouterImp.h */,
				BAAADDA52591FD2A0080DE60 /* PlatformRouterImp.m */,
				BAAAC72C2589E14900D1D6AA /* ViewController.h */,
				BAAAC72D2589E14900D1D6AA /* ViewController.m */,
				BA8617AC258A10840082B2E9 /* FuObject.h */,
				BA8617AD258A10840082B2E9 /* FuObject.m */,
				BA8617AF258A10A50082B2E9 /* ChildObject.h */,
				BA8617B0258A10A50082B2E9 /* ChildObject.m */,
				BA8617B2258A13570082B2E9 /* ChildObject+print.h */,
				BA8617B3258A13570082B2E9 /* ChildObject+print.m */,
				BA8617B5258A13C20082B2E9 /* FuObject+print.h */,
				BA8617B6258A13C20082B2E9 /* FuObject+print.m */,
				BAAAC7322589E14A00D1D6AA /* Assets.xcassets */,
				BAAAC7372589E14A00D1D6AA /* Info.plist */,
				BAAAC7382589E14A00D1D6AA /* main.m */,
			);
			path = native;
			sourceTree = "<group>";
		};
		BAAAC7412589E14A00D1D6AA /* nativeTests */ = {
			isa = PBXGroup;
			children = (
				BAAAC7422589E14A00D1D6AA /* nativeTests.m */,
				BAAAC7442589E14A00D1D6AA /* Info.plist */,
			);
			path = nativeTests;
			sourceTree = "<group>";
		};
		BAAAC74C2589E14A00D1D6AA /* nativeUITests */ = {
			isa = PBXGroup;
			children = (
				BAAAC74D2589E14A00D1D6AA /* nativeUITests.m */,
				BAAAC74F2589E14A00D1D6AA /* Info.plist */,
			);
			path = nativeUITests;
			sourceTree = "<group>";
		};
		EA262F8A834C9325825ED6B6 /* Frameworks */ = {
			isa = PBXGroup;
			children = (
				E6C3DA87477B20F443561954 /* Pods_native.framework */,
			);
			name = Frameworks;
			sourceTree = "<group>";
		};
/* End PBXGroup section */

/* Begin PBXNativeTarget section */
		BAAAC7222589E14800D1D6AA /* native */ = {
			isa = PBXNativeTarget;
			buildConfigurationList = BAAAC7522589E14A00D1D6AA /* Build configuration list for PBXNativeTarget "native" */;
			buildPhases = (
				16FC392F57F733AD4D9127BE /* [CP] Check Pods Manifest.lock */,
				07AADCDD1D648A138499CC92 /* [CP] Prepare Artifacts */,
				BD0A8617453FA475EDA67524 /* [CP-User] Run Flutter Build flutter_module Script */,
				BAAAC71F2589E14800D1D6AA /* Sources */,
				BAAAC7202589E14800D1D6AA /* Frameworks */,
				BAAAC7212589E14800D1D6AA /* Resources */,
				BAAADDA12591EF350080DE60 /* ShellScript */,
				334667DB02A3BE793C77B42F /* [CP] Embed Pods Frameworks */,
			);
			buildRules = (
			);
			dependencies = (
			);
			name = native;
			productName = native;
			productReference = BAAAC7232589E14800D1D6AA /* native.app */;
			productType = "com.apple.product-type.application";
		};
		BAAAC73D2589E14A00D1D6AA /* nativeTests */ = {
			isa = PBXNativeTarget;
			buildConfigurationList = BAAAC7552589E14A00D1D6AA /* Build configuration list for PBXNativeTarget "nativeTests" */;
			buildPhases = (
				BAAAC73A2589E14A00D1D6AA /* Sources */,
				BAAAC73B2589E14A00D1D6AA /* Frameworks */,
				BAAAC73C2589E14A00D1D6AA /* Resources */,
			);
			buildRules = (
			);
			dependencies = (
				BAAAC7402589E14A00D1D6AA /* PBXTargetDependency */,
			);
			name = nativeTests;
			productName = nativeTests;
			productReference = BAAAC73E2589E14A00D1D6AA /* nativeTests.xctest */;
			productType = "com.apple.product-type.bundle.unit-test";
		};
		BAAAC7482589E14A00D1D6AA /* nativeUITests */ = {
			isa = PBXNativeTarget;
			buildConfigurationList = BAAAC7582589E14A00D1D6AA /* Build configuration list for PBXNativeTarget "nativeUITests" */;
			buildPhases = (
				BAAAC7452589E14A00D1D6AA /* Sources */,
				BAAAC7462589E14A00D1D6AA /* Frameworks */,
				BAAAC7472589E14A00D1D6AA /* Resources */,
			);
			buildRules = (
			);
			dependencies = (
				BAAAC74B2589E14A00D1D6AA /* PBXTargetDependency */,
			);
			name = nativeUITests;
			productName = nativeUITests;
			productReference = BAAAC7492589E14A00D1D6AA /* nativeUITests.xctest */;
			productType = "com.apple.product-type.bundle.ui-testing";
		};
/* End PBXNativeTarget section */

/* Begin PBXProject section */
		BAAAC71B2589E14800D1D6AA /* Project object */ = {
			isa = PBXProject;
			attributes = {
				LastUpgradeCheck = 1160;
				ORGANIZATIONNAME = Company;
				TargetAttributes = {
					BAAAC7222589E14800D1D6AA = {
						CreatedOnToolsVersion = 11.6;
					};
					BAAAC73D2589E14A00D1D6AA = {
						CreatedOnToolsVersion = 11.6;
						TestTargetID = BAAAC7222589E14800D1D6AA;
					};
					BAAAC7482589E14A00D1D6AA = {
						CreatedOnToolsVersion = 11.6;
						TestTargetID = BAAAC7222589E14800D1D6AA;
					};
				};
			};
			buildConfigurationList = BAAAC71E2589E14800D1D6AA /* Build configuration list for PBXProject "native" */;
			compatibilityVersion = "Xcode 9.3";
			developmentRegion = en;
			hasScannedForEncodings = 0;
			knownRegions = (
				en,
				Base,
			);
			mainGroup = BAAAC71A2589E14800D1D6AA;
			productRefGroup = BAAAC7242589E14800D1D6AA /* Products */;
			projectDirPath = "";
			projectRoot = "";
			targets = (
				BAAAC7222589E14800D1D6AA /* native */,
				BAAAC73D2589E14A00D1D6AA /* nativeTests */,
				BAAAC7482589E14A00D1D6AA /* nativeUITests */,
			);
		};
/* End PBXProject section */

/* Begin PBXResourcesBuildPhase section */
		BAAAC7212589E14800D1D6AA /* Resources */ = {
			isa = PBXResourcesBuildPhase;
			buildActionMask = 2147483647;
			files = (
				BAAAC7332589E14A00D1D6AA /* Assets.xcassets in Resources */,
			);
			runOnlyForDeploymentPostprocessing = 0;
		};
		BAAAC73C2589E14A00D1D6AA /* Resources */ = {
			isa = PBXResourcesBuildPhase;
			buildActionMask = 2147483647;
			files = (
			);
			runOnlyForDeploymentPostprocessing = 0;
		};
		BAAAC7472589E14A00D1D6AA /* Resources */ = {
			isa = PBXResourcesBuildPhase;
			buildActionMask = 2147483647;
			files = (
			);
			runOnlyForDeploymentPostprocessing = 0;
		};
/* End PBXResourcesBuildPhase section */

/* Begin PBXShellScriptBuildPhase section */
		07AADCDD1D648A138499CC92 /* [CP] Prepare Artifacts */ = {
			isa = PBXShellScriptBuildPhase;
			buildActionMask = 2147483647;
			files = (
			);
			inputFileListPaths = (
				"${PODS_ROOT}/Target Support Files/Pods-native/Pods-native-artifacts-${CONFIGURATION}-input-files.xcfilelist",
			);
			name = "[CP] Prepare Artifacts";
			outputFileListPaths = (
				"${PODS_ROOT}/Target Support Files/Pods-native/Pods-native-artifacts-${CONFIGURATION}-output-files.xcfilelist",
			);
			runOnlyForDeploymentPostprocessing = 0;
			shellPath = /bin/sh;
			shellScript = "\"${PODS_ROOT}/Target Support Files/Pods-native/Pods-native-artifacts.sh\"\n";
			showEnvVarsInLog = 0;
		};
		16FC392F57F733AD4D9127BE /* [CP] Check Pods Manifest.lock */ = {
			isa = PBXShellScriptBuildPhase;
			buildActionMask = 2147483647;
			files = (
			);
			inputFileListPaths = (
			);
			inputPaths = (
				"${PODS_PODFILE_DIR_PATH}/Podfile.lock",
				"${PODS_ROOT}/Manifest.lock",
			);
			name = "[CP] Check Pods Manifest.lock";
			outputFileListPaths = (
			);
			outputPaths = (
				"$(DERIVED_FILE_DIR)/Pods-native-checkManifestLockResult.txt",
			);
			runOnlyForDeploymentPostprocessing = 0;
			shellPath = /bin/sh;
			shellScript = "diff \"${PODS_PODFILE_DIR_PATH}/Podfile.lock\" \"${PODS_ROOT}/Manifest.lock\" > /dev/null\nif [ $? != 0 ] ; then\n    # print error to STDERR\n    echo \"error: The sandbox is not in sync with the Podfile.lock. Run 'pod install' or update your CocoaPods installation.\" >&2\n    exit 1\nfi\n# This output is used by Xcode 'outputs' to avoid re-running this script phase.\necho \"SUCCESS\" > \"${SCRIPT_OUTPUT_FILE_0}\"\n";
			showEnvVarsInLog = 0;
		};
		334667DB02A3BE793C77B42F /* [CP] Embed Pods Frameworks */ = {
			isa = PBXShellScriptBuildPhase;
			buildActionMask = 2147483647;
			files = (
			);
			inputFileListPaths = (
				"${PODS_ROOT}/Target Support Files/Pods-native/Pods-native-frameworks-${CONFIGURATION}-input-files.xcfilelist",
			);
			name = "[CP] Embed Pods Frameworks";
			outputFileListPaths = (
				"${PODS_ROOT}/Target Support Files/Pods-native/Pods-native-frameworks-${CONFIGURATION}-output-files.xcfilelist",
			);
			runOnlyForDeploymentPostprocessing = 0;
			shellPath = /bin/sh;
			shellScript = "\"${PODS_ROOT}/Target Support Files/Pods-native/Pods-native-frameworks.sh\"\n";
			showEnvVarsInLog = 0;
		};
		BAAADDA12591EF350080DE60 /* ShellScript */ = {
			isa = PBXShellScriptBuildPhase;
			buildActionMask = 2147483647;
			files = (
			);
			inputFileListPaths = (
			);
			inputPaths = (
			);
			outputFileListPaths = (
			);
			outputPaths = (
			);
			runOnlyForDeploymentPostprocessing = 0;
			shellPath = /bin/sh;
			shellScript = "# Type a script or drag a script file from your workspace to insert its path.\n";
		};
		BD0A8617453FA475EDA67524 /* [CP-User] Run Flutter Build flutter_module Script */ = {
			isa = PBXShellScriptBuildPhase;
			buildActionMask = 2147483647;
			files = (
			);
			name = "[CP-User] Run Flutter Build flutter_module Script";
			runOnlyForDeploymentPostprocessing = 0;
			shellPath = /bin/sh;
			shellScript = "set -e\nset -u\nsource \"${SRCROOT}/../flutter_module/.ios/Flutter/flutter_export_environment.sh\"\n\"$FLUTTER_ROOT\"/packages/flutter_tools/bin/xcode_backend.sh build";
		};
/* End PBXShellScriptBuildPhase section */

/* Begin PBXSourcesBuildPhase section */
		BAAAC71F2589E14800D1D6AA /* Sources */ = {
			isa = PBXSourcesBuildPhase;
			buildActionMask = 2147483647;
			files = (
				BAAAC72E2589E14900D1D6AA /* ViewController.m in Sources */,
				BA8617B7258A13C20082B2E9 /* FuObject+print.m in Sources */,
				BAAADDA72591FD2A0080DE60 /* PlatformRouterImp.m in Sources */,
				BA8617AE258A10840082B2E9 /* FuObject.m in Sources */,
				BA8617B4258A13570082B2E9 /* ChildObject+print.m in Sources */,
				BAAAC7282589E14900D1D6AA /* AppDelegate.m in Sources */,
				BA8617B1258A10A50082B2E9 /* ChildObject.m in Sources */,
				BAAAC7392589E14A00D1D6AA /* main.m in Sources */,
			);
			runOnlyForDeploymentPostprocessing = 0;
		};
		BAAAC73A2589E14A00D1D6AA /* Sources */ = {
			isa = PBXSourcesBuildPhase;
			buildActionMask = 2147483647;
			files = (
				BAAAC7432589E14A00D1D6AA /* nativeTests.m in Sources */,
			);
			runOnlyForDeploymentPostprocessing = 0;
		};
		BAAAC7452589E14A00D1D6AA /* Sources */ = {
			isa = PBXSourcesBuildPhase;
			buildActionMask = 2147483647;
			files = (
				BAAAC74E2589E14A00D1D6AA /* nativeUITests.m in Sources */,
			);
			runOnlyForDeploymentPostprocessing = 0;
		};
/* End PBXSourcesBuildPhase section */

/* Begin PBXTargetDependency section */
		BAAAC7402589E14A00D1D6AA /* PBXTargetDependency */ = {
			isa = PBXTargetDependency;
			target = BAAAC7222589E14800D1D6AA /* native */;
			targetProxy = BAAAC73F2589E14A00D1D6AA /* PBXContainerItemProxy */;
		};
		BAAAC74B2589E14A00D1D6AA /* PBXTargetDependency */ = {
			isa = PBXTargetDependency;
			target = BAAAC7222589E14800D1D6AA /* native */;
			targetProxy = BAAAC74A2589E14A00D1D6AA /* PBXContainerItemProxy */;
		};
/* End PBXTargetDependency section */

/* Begin XCBuildConfiguration section */
		BAAAC7502589E14A00D1D6AA /* Debug */ = {
			isa = XCBuildConfiguration;
			buildSettings = {
				ALWAYS_SEARCH_USER_PATHS = NO;
				CLANG_ANALYZER_NONNULL = YES;
				CLANG_ANALYZER_NUMBER_OBJECT_CONVERSION = YES_AGGRESSIVE;
				CLANG_CXX_LANGUAGE_STANDARD = "gnu++14";
				CLANG_CXX_LIBRARY = "libc++";
				CLANG_ENABLE_MODULES = YES;
				CLANG_ENABLE_OBJC_ARC = YES;
				CLANG_ENABLE_OBJC_WEAK = YES;
				CLANG_WARN_BLOCK_CAPTURE_AUTORELEASING = YES;
				CLANG_WARN_BOOL_CONVERSION = YES;
				CLANG_WARN_COMMA = YES;
				CLANG_WARN_CONSTANT_CONVERSION = YES;
				CLANG_WARN_DEPRECATED_OBJC_IMPLEMENTATIONS = YES;
				CLANG_WARN_DIRECT_OBJC_ISA_USAGE = YES_ERROR;
				CLANG_WARN_DOCUMENTATION_COMMENTS = YES;
				CLANG_WARN_EMPTY_BODY = YES;
				CLANG_WARN_ENUM_CONVERSION = YES;
				CLANG_WARN_INFINITE_RECURSION = YES;
				CLANG_WARN_INT_CONVERSION = YES;
				CLANG_WARN_NON_LITERAL_NULL_CONVERSION = YES;
				CLANG_WARN_OBJC_IMPLICIT_RETAIN_SELF = YES;
				CLANG_WARN_OBJC_LITERAL_CONVERSION = YES;
				CLANG_WARN_OBJC_ROOT_CLASS = YES_ERROR;
				CLANG_WARN_RANGE_LOOP_ANALYSIS = YES;
				CLANG_WARN_STRICT_PROTOTYPES = YES;
				CLANG_WARN_SUSPICIOUS_MOVE = YES;
				CLANG_WARN_UNGUARDED_AVAILABILITY = YES_AGGRESSIVE;
				CLANG_WARN_UNREACHABLE_CODE = YES;
				CLANG_WARN__DUPLICATE_METHOD_MATCH = YES;
				COPY_PHASE_STRIP = NO;
				DEBUG_INFORMATION_FORMAT = dwarf;
				ENABLE_STRICT_OBJC_MSGSEND = YES;
				ENABLE_TESTABILITY = YES;
				GCC_C_LANGUAGE_STANDARD = gnu11;
				GCC_DYNAMIC_NO_PIC = NO;
				GCC_NO_COMMON_BLOCKS = YES;
				GCC_OPTIMIZATION_LEVEL = 0;
				GCC_PREPROCESSOR_DEFINITIONS = (
					"DEBUG=1",
					"$(inherited)",
				);
				GCC_WARN_64_TO_32_BIT_CONVERSION = YES;
				GCC_WARN_ABOUT_RETURN_TYPE = YES_ERROR;
				GCC_WARN_UNDECLARED_SELECTOR = YES;
				GCC_WARN_UNINITIALIZED_AUTOS = YES_AGGRESSIVE;
				GCC_WARN_UNUSED_FUNCTION = YES;
				GCC_WARN_UNUSED_VARIABLE = YES;
				IPHONEOS_DEPLOYMENT_TARGET = 13.6;
				MTL_ENABLE_DEBUG_INFO = INCLUDE_SOURCE;
				MTL_FAST_MATH = YES;
				ONLY_ACTIVE_ARCH = YES;
				SDKROOT = iphoneos;
			};
			name = Debug;
		};
		BAAAC7512589E14A00D1D6AA /* Release */ = {
			isa = XCBuildConfiguration;
			buildSettings = {
				ALWAYS_SEARCH_USER_PATHS = NO;
				CLANG_ANALYZER_NONNULL = YES;
				CLANG_ANALYZER_NUMBER_OBJECT_CONVERSION = YES_AGGRESSIVE;
				CLANG_CXX_LANGUAGE_STANDARD = "gnu++14";
				CLANG_CXX_LIBRARY = "libc++";
				CLANG_ENABLE_MODULES = YES;
				CLANG_ENABLE_OBJC_ARC = YES;
				CLANG_ENABLE_OBJC_WEAK = YES;
				CLANG_WARN_BLOCK_CAPTURE_AUTORELEASING = YES;
				CLANG_WARN_BOOL_CONVERSION = YES;
				CLANG_WARN_COMMA = YES;
				CLANG_WARN_CONSTANT_CONVERSION = YES;
				CLANG_WARN_DEPRECATED_OBJC_IMPLEMENTATIONS = YES;
				CLANG_WARN_DIRECT_OBJC_ISA_USAGE = YES_ERROR;
				CLANG_WARN_DOCUMENTATION_COMMENTS = YES;
				CLANG_WARN_EMPTY_BODY = YES;
				CLANG_WARN_ENUM_CONVERSION = YES;
				CLANG_WARN_INFINITE_RECURSION = YES;
				CLANG_WARN_INT_CONVERSION = YES;
				CLANG_WARN_NON_LITERAL_NULL_CONVERSION = YES;
				CLANG_WARN_OBJC_IMPLICIT_RETAIN_SELF = YES;
				CLANG_WARN_OBJC_LITERAL_CONVERSION = YES;
				CLANG_WARN_OBJC_ROOT_CLASS = YES_ERROR;
				CLANG_WARN_RANGE_LOOP_ANALYSIS = YES;
				CLANG_WARN_STRICT_PROTOTYPES = YES;
				CLANG_WARN_SUSPICIOUS_MOVE = YES;
				CLANG_WARN_UNGUARDED_AVAILABILITY = YES_AGGRESSIVE;
				CLANG_WARN_UNREACHABLE_CODE = YES;
				CLANG_WARN__DUPLICATE_METHOD_MATCH = YES;
				COPY_PHASE_STRIP = NO;
				DEBUG_INFORMATION_FORMAT = "dwarf-with-dsym";
				ENABLE_NS_ASSERTIONS = NO;
				ENABLE_STRICT_OBJC_MSGSEND = YES;
				GCC_C_LANGUAGE_STANDARD = gnu11;
				GCC_NO_COMMON_BLOCKS = YES;
				GCC_WARN_64_TO_32_BIT_CONVERSION = YES;
				GCC_WARN_ABOUT_RETURN_TYPE = YES_ERROR;
				GCC_WARN_UNDECLARED_SELECTOR = YES;
				GCC_WARN_UNINITIALIZED_AUTOS = YES_AGGRESSIVE;
				GCC_WARN_UNUSED_FUNCTION = YES;
				GCC_WARN_UNUSED_VARIABLE = YES;
				IPHONEOS_DEPLOYMENT_TARGET = 13.6;
				MTL_ENABLE_DEBUG_INFO = NO;
				MTL_FAST_MATH = YES;
				SDKROOT = iphoneos;
				VALIDATE_PRODUCT = YES;
			};
			name = Release;
		};
		BAAAC7532589E14A00D1D6AA /* Debug */ = {
			isa = XCBuildConfiguration;
			baseConfigurationReference = 1791BF702292EE549EA1BB03 /* Pods-native.debug.xcconfig */;
			buildSettings = {
				ASSETCATALOG_COMPILER_APPICON_NAME = AppIcon;
				CODE_SIGN_IDENTITY = "iPhone Developer";
				CODE_SIGN_STYLE = Manual;
				DEVELOPMENT_TEAM = MK55SWB3V5;
				ENABLE_BITCODE = NO;
				INFOPLIST_FILE = native/Info.plist;
				IPHONEOS_DEPLOYMENT_TARGET = 10.0;
				LD_RUNPATH_SEARCH_PATHS = (
					"$(inherited)",
					"@executable_path/Frameworks",
				);
				PRODUCT_BUNDLE_IDENTIFIER = com.hopson.HeLife.hilifeWidget;
				PRODUCT_NAME = "$(TARGET_NAME)";
				PROVISIONING_PROFILE_SPECIFIER = dev_HeLife_Widget;
				TARGETED_DEVICE_FAMILY = "1,2";
			};
			name = Debug;
		};
		BAAAC7542589E14A00D1D6AA /* Release */ = {
			isa = XCBuildConfiguration;
			baseConfigurationReference = 0F1DB4F87E5641647E196295 /* Pods-native.release.xcconfig */;
			buildSettings = {
				ASSETCATALOG_COMPILER_APPICON_NAME = AppIcon;
				CODE_SIGN_IDENTITY = "iPhone Developer";
				CODE_SIGN_STYLE = Manual;
				DEVELOPMENT_TEAM = MK55SWB3V5;
				ENABLE_BITCODE = NO;
				INFOPLIST_FILE = native/Info.plist;
				IPHONEOS_DEPLOYMENT_TARGET = 10.0;
				LD_RUNPATH_SEARCH_PATHS = (
					"$(inherited)",
					"@executable_path/Frameworks",
				);
				PRODUCT_BUNDLE_IDENTIFIER = com.hopson.HeLife.hilifeWidget;
				PRODUCT_NAME = "$(TARGET_NAME)";
				PROVISIONING_PROFILE_SPECIFIER = dev_HeLife_Widget;
				TARGETED_DEVICE_FAMILY = "1,2";
			};
			name = Release;
		};
		BAAAC7562589E14A00D1D6AA /* Debug */ = {
			isa = XCBuildConfiguration;
			buildSettings = {
				BUNDLE_LOADER = "$(TEST_HOST)";
				CODE_SIGN_STYLE = Automatic;
				DEVELOPMENT_TEAM = 88ZJG8BJ2R;
				INFOPLIST_FILE = nativeTests/Info.plist;
				IPHONEOS_DEPLOYMENT_TARGET = 13.6;
				LD_RUNPATH_SEARCH_PATHS = (
					"$(inherited)",
					"@executable_path/Frameworks",
					"@loader_path/Frameworks",
				);
				PRODUCT_BUNDLE_IDENTIFIER = Company.nativeTests;
				PRODUCT_NAME = "$(TARGET_NAME)";
				TARGETED_DEVICE_FAMILY = "1,2";
				TEST_HOST = "$(BUILT_PRODUCTS_DIR)/native.app/native";
			};
			name = Debug;
		};
		BAAAC7572589E14A00D1D6AA /* Release */ = {
			isa = XCBuildConfiguration;
			buildSettings = {
				BUNDLE_LOADER = "$(TEST_HOST)";
				CODE_SIGN_STYLE = Automatic;
				DEVELOPMENT_TEAM = 88ZJG8BJ2R;
				INFOPLIST_FILE = nativeTests/Info.plist;
				IPHONEOS_DEPLOYMENT_TARGET = 13.6;
				LD_RUNPATH_SEARCH_PATHS = (
					"$(inherited)",
					"@executable_path/Frameworks",
					"@loader_path/Frameworks",
				);
				PRODUCT_BUNDLE_IDENTIFIER = Company.nativeTests;
				PRODUCT_NAME = "$(TARGET_NAME)";
				TARGETED_DEVICE_FAMILY = "1,2";
				TEST_HOST = "$(BUILT_PRODUCTS_DIR)/native.app/native";
			};
			name = Release;
		};
		BAAAC7592589E14A00D1D6AA /* Debug */ = {
			isa = XCBuildConfiguration;
			buildSettings = {
				CODE_SIGN_STYLE = Automatic;
				DEVELOPMENT_TEAM = 88ZJG8BJ2R;
				INFOPLIST_FILE = nativeUITests/Info.plist;
				LD_RUNPATH_SEARCH_PATHS = (
					"$(inherited)",
					"@executable_path/Frameworks",
					"@loader_path/Frameworks",
				);
				PRODUCT_BUNDLE_IDENTIFIER = Company.nativeUITests;
				PRODUCT_NAME = "$(TARGET_NAME)";
				TARGETED_DEVICE_FAMILY = "1,2";
				TEST_TARGET_NAME = native;
			};
			name = Debug;
		};
		BAAAC75A2589E14A00D1D6AA /* Release */ = {
			isa = XCBuildConfiguration;
			buildSettings = {
				CODE_SIGN_STYLE = Automatic;
				DEVELOPMENT_TEAM = 88ZJG8BJ2R;
				INFOPLIST_FILE = nativeUITests/Info.plist;
				LD_RUNPATH_SEARCH_PATHS = (
					"$(inherited)",
					"@executable_path/Frameworks",
					"@loader_path/Frameworks",
				);
				PRODUCT_BUNDLE_IDENTIFIER = Company.nativeUITests;
				PRODUCT_NAME = "$(TARGET_NAME)";
				TARGETED_DEVICE_FAMILY = "1,2";
				TEST_TARGET_NAME = native;
			};
			name = Release;
		};
/* End XCBuildConfiguration section */

/* Begin XCConfigurationList section */
		BAAAC71E2589E14800D1D6AA /* Build configuration list for PBXProject "native" */ = {
			isa = XCConfigurationList;
			buildConfigurations = (
				BAAAC7502589E14A00D1D6AA /* Debug */,
				BAAAC7512589E14A00D1D6AA /* Release */,
			);
			defaultConfigurationIsVisible = 0;
			defaultConfigurationName = Release;
		};
		BAAAC7522589E14A00D1D6AA /* Build configuration list for PBXNativeTarget "native" */ = {
			isa = XCConfigurationList;
			buildConfigurations = (
				BAAAC7532589E14A00D1D6AA /* Debug */,
				BAAAC7542589E14A00D1D6AA /* Release */,
			);
			defaultConfigurationIsVisible = 0;
			defaultConfigurationName = Release;
		};
		BAAAC7552589E14A00D1D6AA /* Build configuration list for PBXNativeTarget "nativeTests" */ = {
			isa = XCConfigurationList;
			buildConfigurations = (
				BAAAC7562589E14A00D1D6AA /* Debug */,
				BAAAC7572589E14A00D1D6AA /* Release */,
			);
			defaultConfigurationIsVisible = 0;
			defaultConfigurationName = Release;
		};
		BAAAC7582589E14A00D1D6AA /* Build configuration list for PBXNativeTarget "nativeUITests" */ = {
			isa = XCConfigurationList;
			buildConfigurations = (
				BAAAC7592589E14A00D1D6AA /* Debug */,
				BAAAC75A2589E14A00D1D6AA /* Release */,
			);
			defaultConfigurationIsVisible = 0;
			defaultConfigurationName = Release;
		};
/* End XCConfigurationList section */
	};
	rootObject = BAAAC71B2589E14800D1D6AA /* Project object */;
}
